
Microsoft Visual Studio Solution File, Format Version 12.00
# Visual Studio Version 17
VisualStudioVersion = 17.7.34009.444
MinimumVisualStudioVersion = 10.0.40219.1
Project("{9A19103F-16F7-4668-BE54-9A1E7A4F7556}") = "Filters", "Filters\Filters.csproj", "{FE124269-2C5E-4358-81A1-7BACC0F6ABCC}"
EndProject
Global
	GlobalSection(SolutionConfigurationPlatforms) = preSolution
		Debug|Any CPU = Debug|Any CPU
		Release|Any CPU = Release|Any CPU
	EndGlobalSection
	GlobalSection(ProjectConfigurationPlatforms) = postSolution
		{FE124269-2C5E-4358-81A1-7BACC0F6ABCC}.Debug|Any CPU.ActiveCfg = Debug|Any CPU
		{FE124269-2C5E-4358-81A1-7BACC0F6ABCC}.Debug|Any CPU.Build.0 = Debug|Any CPU
		{FE124269-2C5E-4358-81A1-7BACC0F6ABCC}.Release|Any CPU.ActiveCfg = Release|Any CPU
		{FE124269-2C5E-4358-81A1-7BACC0F6ABCC}.Release|Any CPU.Build.0 = Release|Any CPU
	EndGlobalSection
	GlobalSection(SolutionProperties) = preSolution
		HideSolutionNode = FALSE
	EndGlobalSection
	GlobalSection(ExtensibilityGlobals) = postSolution
		SolutionGuid = {FBB37486-53F4-4D39-AE8A-9E7174FEC1A8}
	EndGlobalSection
EndGlobal
