
Microsoft Visual Studio Solution File, Format Version 12.00
# Visual Studio Version 17
VisualStudioVersion = 17.6.33829.357
MinimumVisualStudioVersion = 10.0.40219.1
Project("{FAE04EC0-301F-11D3-BF4B-00C04F79EFBC}") = "InjectionsInViews", "InjectionsInViews\InjectionsInViews.csproj", "{06EB8E15-B11A-4F96-85D9-00B2AB198868}"
EndProject
Global
	GlobalSection(SolutionConfigurationPlatforms) = preSolution
		Debug|Any CPU = Debug|Any CPU
		Release|Any CPU = Release|Any CPU
	EndGlobalSection
	GlobalSection(ProjectConfigurationPlatforms) = postSolution
		{06EB8E15-B11A-4F96-85D9-00B2AB198868}.Debug|Any CPU.ActiveCfg = Debug|Any CPU
		{06EB8E15-B11A-4F96-85D9-00B2AB198868}.Debug|Any CPU.Build.0 = Debug|Any CPU
		{06EB8E15-B11A-4F96-85D9-00B2AB198868}.Release|Any CPU.ActiveCfg = Release|Any CPU
		{06EB8E15-B11A-4F96-85D9-00B2AB198868}.Release|Any CPU.Build.0 = Release|Any CPU
	EndGlobalSection
	GlobalSection(SolutionProperties) = preSolution
		HideSolutionNode = FALSE
	EndGlobalSection
	GlobalSection(ExtensibilityGlobals) = postSolution
		SolutionGuid = {F213A279-7EC1-4EC0-BEF5-92AD61BC6E0A}
	EndGlobalSection
EndGlobal
